// !$*UTF8*$!
{
	archiveVersion = 1;
	classes = {
	};
	objectVersion = 77;
	objects = {

/* Begin PBXBuildFile section */
		BE215AD22D397FEE009FC40B /* AvalancheShared.framework in Frameworks */ = {isa = PBXBuildFile; fileRef = BE8FA8672CE3D759002C091D /* AvalancheShared.framework */; };
		BE215AD32D397FEE009FC40B /* AvalancheShared.framework in Embed Frameworks */ = {isa = PBXBuildFile; fileRef = BE8FA8672CE3D759002C091D /* AvalancheShared.framework */; settings = {ATTRIBUTES = (CodeSignOnCopy, RemoveHeadersOnCopy, ); }; };
		BE8FA8452CE3D6E9002C091D /* WidgetKit.framework in Frameworks */ = {isa = PBXBuildFile; fileRef = BE8FA8442CE3D6E9002C091D /* WidgetKit.framework */; };
		BE8FA8472CE3D6E9002C091D /* SwiftUI.framework in Frameworks */ = {isa = PBXBuildFile; fileRef = BE8FA8462CE3D6E9002C091D /* SwiftUI.framework */; };
		BE8FA8582CE3D6EB002C091D /* AvalancheWidgetExtension.appex in Embed Foundation Extensions */ = {isa = PBXBuildFile; fileRef = BE8FA8422CE3D6E9002C091D /* AvalancheWidgetExtension.appex */; settings = {ATTRIBUTES = (RemoveHeadersOnCopy, ); }; };
		BE8FA86F2CE3D759002C091D /* AvalancheShared.framework in Frameworks */ = {isa = PBXBuildFile; fileRef = BE8FA8672CE3D759002C091D /* AvalancheShared.framework */; platformFilter = ios; };
		BE8FA8702CE3D759002C091D /* AvalancheShared.framework in Embed Frameworks */ = {isa = PBXBuildFile; fileRef = BE8FA8672CE3D759002C091D /* AvalancheShared.framework */; platformFilter = ios; settings = {ATTRIBUTES = (CodeSignOnCopy, RemoveHeadersOnCopy, ); }; };
		BE8FA87A2CE3D8C4002C091D /* AvalancheShared.framework in Frameworks */ = {isa = PBXBuildFile; fileRef = BE8FA8672CE3D759002C091D /* AvalancheShared.framework */; };
		BE8FA87B2CE3D8C4002C091D /* AvalancheShared.framework in Embed Frameworks */ = {isa = PBXBuildFile; fileRef = BE8FA8672CE3D759002C091D /* AvalancheShared.framework */; settings = {ATTRIBUTES = (CodeSignOnCopy, RemoveHeadersOnCopy, ); }; };
/* End PBXBuildFile section */

/* Begin PBXContainerItemProxy section */
		BE215AD42D397FEE009FC40B /* PBXContainerItemProxy */ = {
			isa = PBXContainerItemProxy;
			containerPortal = BE8FA81C2CE3D0ED002C091D /* Project object */;
			proxyType = 1;
			remoteGlobalIDString = BE8FA8662CE3D759002C091D;
			remoteInfo = AvalancheShared;
		};
		BE8FA8562CE3D6EB002C091D /* PBXContainerItemProxy */ = {
			isa = PBXContainerItemProxy;
			containerPortal = BE8FA81C2CE3D0ED002C091D /* Project object */;
			proxyType = 1;
			remoteGlobalIDString = BE8FA8412CE3D6E8002C091D;
			remoteInfo = AvalancheWidgetExtension;
		};
		BE8FA86D2CE3D759002C091D /* PBXContainerItemProxy */ = {
			isa = PBXContainerItemProxy;
			containerPortal = BE8FA81C2CE3D0ED002C091D /* Project object */;
			proxyType = 1;
			remoteGlobalIDString = BE8FA8662CE3D759002C091D;
			remoteInfo = AvalancheShared;
		};
		BE8FA87C2CE3D8C4002C091D /* PBXContainerItemProxy */ = {
			isa = PBXContainerItemProxy;
			containerPortal = BE8FA81C2CE3D0ED002C091D /* Project object */;
			proxyType = 1;
			remoteGlobalIDString = BE8FA8662CE3D759002C091D;
			remoteInfo = AvalancheShared;
		};
/* End PBXContainerItemProxy section */

/* Begin PBXCopyFilesBuildPhase section */
		BE215AD62D397FEE009FC40B /* Embed Frameworks */ = {
			isa = PBXCopyFilesBuildPhase;
			buildActionMask = 2147483647;
			dstPath = "";
			dstSubfolderSpec = 10;
			files = (
				BE215AD32D397FEE009FC40B /* AvalancheShared.framework in Embed Frameworks */,
			);
			name = "Embed Frameworks";
			runOnlyForDeploymentPostprocessing = 0;
		};
		BE8FA8592CE3D6EB002C091D /* Embed Foundation Extensions */ = {
			isa = PBXCopyFilesBuildPhase;
			buildActionMask = 2147483647;
			dstPath = "";
			dstSubfolderSpec = 13;
			files = (
				BE8FA8582CE3D6EB002C091D /* AvalancheWidgetExtension.appex in Embed Foundation Extensions */,
			);
			name = "Embed Foundation Extensions";
			runOnlyForDeploymentPostprocessing = 0;
		};
		BE8FA8752CE3D759002C091D /* Embed Frameworks */ = {
			isa = PBXCopyFilesBuildPhase;
			buildActionMask = 2147483647;
			dstPath = "";
			dstSubfolderSpec = 10;
			files = (
				BE8FA8702CE3D759002C091D /* AvalancheShared.framework in Embed Frameworks */,
			);
			name = "Embed Frameworks";
			runOnlyForDeploymentPostprocessing = 0;
		};
		BE8FA87E2CE3D8C5002C091D /* Embed Frameworks */ = {
			isa = PBXCopyFilesBuildPhase;
			buildActionMask = 2147483647;
			dstPath = "";
			dstSubfolderSpec = 10;
			files = (
				BE8FA87B2CE3D8C4002C091D /* AvalancheShared.framework in Embed Frameworks */,
			);
			name = "Embed Frameworks";
			runOnlyForDeploymentPostprocessing = 0;
		};
/* End PBXCopyFilesBuildPhase section */

/* Begin PBXFileReference section */
		BE215AA72D3977CF009FC40B /* AvalancheMacOS.app */ = {isa = PBXFileReference; explicitFileType = wrapper.application; includeInIndex = 0; path = AvalancheMacOS.app; sourceTree = BUILT_PRODUCTS_DIR; };
		BE8FA8242CE3D0ED002C091D /* Utah Avalanche.app */ = {isa = PBXFileReference; explicitFileType = wrapper.application; includeInIndex = 0; path = "Utah Avalanche.app"; sourceTree = BUILT_PRODUCTS_DIR; };
		BE8FA8422CE3D6E9002C091D /* AvalancheWidgetExtension.appex */ = {isa = PBXFileReference; explicitFileType = "wrapper.app-extension"; includeInIndex = 0; path = AvalancheWidgetExtension.appex; sourceTree = BUILT_PRODUCTS_DIR; };
		BE8FA8442CE3D6E9002C091D /* WidgetKit.framework */ = {isa = PBXFileReference; lastKnownFileType = wrapper.framework; name = WidgetKit.framework; path = System/Library/Frameworks/WidgetKit.framework; sourceTree = SDKROOT; };
		BE8FA8462CE3D6E9002C091D /* SwiftUI.framework */ = {isa = PBXFileReference; lastKnownFileType = wrapper.framework; name = SwiftUI.framework; path = System/Library/Frameworks/SwiftUI.framework; sourceTree = SDKROOT; };
		BE8FA8672CE3D759002C091D /* AvalancheShared.framework */ = {isa = PBXFileReference; explicitFileType = wrapper.framework; includeInIndex = 0; path = AvalancheShared.framework; sourceTree = BUILT_PRODUCTS_DIR; };
		BE8FA8832CE3DE52002C091D /* AvalancheWidgetExtension.entitlements */ = {isa = PBXFileReference; lastKnownFileType = text.plist.entitlements; path = AvalancheWidgetExtension.entitlements; sourceTree = "<group>"; };
/* End PBXFileReference section */

/* Begin PBXFileSystemSynchronizedBuildFileExceptionSet section */
		BE215AD82D398F76009FC40B /* Exceptions for "AvalancheMacOS" folder in "AvalancheMacOS" target */ = {
			isa = PBXFileSystemSynchronizedBuildFileExceptionSet;
			membershipExceptions = (
				Info.plist,
			);
			target = BE215AA62D3977CF009FC40B /* AvalancheMacOS */;
		};
		BE8FA85C2CE3D6EB002C091D /* Exceptions for "AvalancheWidget" folder in "AvalancheWidgetExtension" target */ = {
			isa = PBXFileSystemSynchronizedBuildFileExceptionSet;
			membershipExceptions = (
				Info.plist,
			);
			target = BE8FA8412CE3D6E8002C091D /* AvalancheWidgetExtension */;
		};
/* End PBXFileSystemSynchronizedBuildFileExceptionSet section */

/* Begin PBXFileSystemSynchronizedRootGroup section */
		BE215AA82D3977CF009FC40B /* AvalancheMacOS */ = {
			isa = PBXFileSystemSynchronizedRootGroup;
			exceptions = (
				BE215AD82D398F76009FC40B /* Exceptions for "AvalancheMacOS" folder in "AvalancheMacOS" target */,
			);
			path = AvalancheMacOS;
			sourceTree = "<group>";
		};
		BE8FA8262CE3D0ED002C091D /* Utah Avalanche */ = {
			isa = PBXFileSystemSynchronizedRootGroup;
			path = "Utah Avalanche";
			sourceTree = "<group>";
		};
		BE8FA8482CE3D6E9002C091D /* AvalancheWidget */ = {
			isa = PBXFileSystemSynchronizedRootGroup;
			exceptions = (
				BE8FA85C2CE3D6EB002C091D /* Exceptions for "AvalancheWidget" folder in "AvalancheWidgetExtension" target */,
			);
			path = AvalancheWidget;
			sourceTree = "<group>";
		};
		BE8FA8682CE3D759002C091D /* AvalancheShared */ = {
			isa = PBXFileSystemSynchronizedRootGroup;
			path = AvalancheShared;
			sourceTree = "<group>";
		};
/* End PBXFileSystemSynchronizedRootGroup section */

/* Begin PBXFrameworksBuildPhase section */
		BE215AA42D3977CF009FC40B /* Frameworks */ = {
			isa = PBXFrameworksBuildPhase;
			buildActionMask = 2147483647;
			files = (
				BE215AD22D397FEE009FC40B /* AvalancheShared.framework in Frameworks */,
			);
			runOnlyForDeploymentPostprocessing = 0;
		};
		BE8FA8212CE3D0ED002C091D /* Frameworks */ = {
			isa = PBXFrameworksBuildPhase;
			buildActionMask = 2147483647;
			files = (
				BE8FA86F2CE3D759002C091D /* AvalancheShared.framework in Frameworks */,
			);
			runOnlyForDeploymentPostprocessing = 0;
		};
		BE8FA83F2CE3D6E8002C091D /* Frameworks */ = {
			isa = PBXFrameworksBuildPhase;
			buildActionMask = 2147483647;
			files = (
				BE8FA8472CE3D6E9002C091D /* SwiftUI.framework in Frameworks */,
				BE8FA8452CE3D6E9002C091D /* WidgetKit.framework in Frameworks */,
				BE8FA87A2CE3D8C4002C091D /* AvalancheShared.framework in Frameworks */,
			);
			runOnlyForDeploymentPostprocessing = 0;
		};
		BE8FA8642CE3D759002C091D /* Frameworks */ = {
			isa = PBXFrameworksBuildPhase;
			buildActionMask = 2147483647;
			files = (
			);
			runOnlyForDeploymentPostprocessing = 0;
		};
/* End PBXFrameworksBuildPhase section */

/* Begin PBXGroup section */
		BE8FA81B2CE3D0ED002C091D = {
			isa = PBXGroup;
			children = (
				BE8FA8832CE3DE52002C091D /* AvalancheWidgetExtension.entitlements */,
				BE8FA8262CE3D0ED002C091D /* Utah Avalanche */,
				BE8FA8482CE3D6E9002C091D /* AvalancheWidget */,
				BE8FA8682CE3D759002C091D /* AvalancheShared */,
				BE215AA82D3977CF009FC40B /* AvalancheMacOS */,
				BE8FA8432CE3D6E9002C091D /* Frameworks */,
				BE8FA8252CE3D0ED002C091D /* Products */,
			);
			sourceTree = "<group>";
		};
		BE8FA8252CE3D0ED002C091D /* Products */ = {
			isa = PBXGroup;
			children = (
				BE8FA8242CE3D0ED002C091D /* Utah Avalanche.app */,
				BE8FA8422CE3D6E9002C091D /* AvalancheWidgetExtension.appex */,
				BE8FA8672CE3D759002C091D /* AvalancheShared.framework */,
				BE215AA72D3977CF009FC40B /* AvalancheMacOS.app */,
			);
			name = Products;
			sourceTree = "<group>";
		};
		BE8FA8432CE3D6E9002C091D /* Frameworks */ = {
			isa = PBXGroup;
			children = (
				BE8FA8442CE3D6E9002C091D /* WidgetKit.framework */,
				BE8FA8462CE3D6E9002C091D /* SwiftUI.framework */,
			);
			name = Frameworks;
			sourceTree = "<group>";
		};
/* End PBXGroup section */

/* Begin PBXHeadersBuildPhase section */
		BE8FA8622CE3D759002C091D /* Headers */ = {
			isa = PBXHeadersBuildPhase;
			buildActionMask = 2147483647;
			files = (
			);
			runOnlyForDeploymentPostprocessing = 0;
		};
/* End PBXHeadersBuildPhase section */

/* Begin PBXNativeTarget section */
		BE215AA62D3977CF009FC40B /* AvalancheMacOS */ = {
			isa = PBXNativeTarget;
			buildConfigurationList = BE215AC92D3977D3009FC40B /* Build configuration list for PBXNativeTarget "AvalancheMacOS" */;
			buildPhases = (
				BE215AA32D3977CF009FC40B /* Sources */,
				BE215AA42D3977CF009FC40B /* Frameworks */,
				BE215AA52D3977CF009FC40B /* Resources */,
				BE215AD62D397FEE009FC40B /* Embed Frameworks */,
			);
			buildRules = (
			);
			dependencies = (
				BE215AD52D397FEE009FC40B /* PBXTargetDependency */,
			);
			fileSystemSynchronizedGroups = (
				BE215AA82D3977CF009FC40B /* AvalancheMacOS */,
			);
			name = AvalancheMacOS;
			packageProductDependencies = (
			);
			productName = AvalancheMacOS;
			productReference = BE215AA72D3977CF009FC40B /* AvalancheMacOS.app */;
			productType = "com.apple.product-type.application";
		};
		BE8FA8232CE3D0ED002C091D /* Utah Avalanche */ = {
			isa = PBXNativeTarget;
			buildConfigurationList = BE8FA8322CE3D0EF002C091D /* Build configuration list for PBXNativeTarget "Utah Avalanche" */;
			buildPhases = (
				BE8FA8202CE3D0ED002C091D /* Sources */,
				BE8FA8212CE3D0ED002C091D /* Frameworks */,
				BE8FA8222CE3D0ED002C091D /* Resources */,
				BE8FA8592CE3D6EB002C091D /* Embed Foundation Extensions */,
				BE8FA8752CE3D759002C091D /* Embed Frameworks */,
			);
			buildRules = (
			);
			dependencies = (
				BE8FA8572CE3D6EB002C091D /* PBXTargetDependency */,
				BE8FA86E2CE3D759002C091D /* PBXTargetDependency */,
			);
			fileSystemSynchronizedGroups = (
				BE8FA8262CE3D0ED002C091D /* Utah Avalanche */,
			);
			name = "Utah Avalanche";
			packageProductDependencies = (
			);
			productName = "Utah Avalanche";
			productReference = BE8FA8242CE3D0ED002C091D /* Utah Avalanche.app */;
			productType = "com.apple.product-type.application";
		};
		BE8FA8412CE3D6E8002C091D /* AvalancheWidgetExtension */ = {
			isa = PBXNativeTarget;
			buildConfigurationList = BE8FA85D2CE3D6EB002C091D /* Build configuration list for PBXNativeTarget "AvalancheWidgetExtension" */;
			buildPhases = (
				BE8FA83E2CE3D6E8002C091D /* Sources */,
				BE8FA83F2CE3D6E8002C091D /* Frameworks */,
				BE8FA8402CE3D6E8002C091D /* Resources */,
				BE8FA87E2CE3D8C5002C091D /* Embed Frameworks */,
			);
			buildRules = (
			);
			dependencies = (
				BE8FA87D2CE3D8C4002C091D /* PBXTargetDependency */,
			);
			fileSystemSynchronizedGroups = (
				BE8FA8482CE3D6E9002C091D /* AvalancheWidget */,
			);
			name = AvalancheWidgetExtension;
			packageProductDependencies = (
			);
			productName = AvalancheWidgetExtension;
			productReference = BE8FA8422CE3D6E9002C091D /* AvalancheWidgetExtension.appex */;
			productType = "com.apple.product-type.app-extension";
		};
		BE8FA8662CE3D759002C091D /* AvalancheShared */ = {
			isa = PBXNativeTarget;
			buildConfigurationList = BE8FA8722CE3D759002C091D /* Build configuration list for PBXNativeTarget "AvalancheShared" */;
			buildPhases = (
				BE8FA8622CE3D759002C091D /* Headers */,
				BE8FA8632CE3D759002C091D /* Sources */,
				BE8FA8642CE3D759002C091D /* Frameworks */,
				BE8FA8652CE3D759002C091D /* Resources */,
			);
			buildRules = (
			);
			dependencies = (
			);
			fileSystemSynchronizedGroups = (
				BE8FA8682CE3D759002C091D /* AvalancheShared */,
			);
			name = AvalancheShared;
			packageProductDependencies = (
			);
			productName = AvalancheShared;
			productReference = BE8FA8672CE3D759002C091D /* AvalancheShared.framework */;
			productType = "com.apple.product-type.framework";
		};
/* End PBXNativeTarget section */

/* Begin PBXProject section */
		BE8FA81C2CE3D0ED002C091D /* Project object */ = {
			isa = PBXProject;
			attributes = {
				BuildIndependentTargetsInParallel = 1;
				LastSwiftUpdateCheck = 1620;
				LastUpgradeCheck = 1610;
				TargetAttributes = {
					BE215AA62D3977CF009FC40B = {
						CreatedOnToolsVersion = 16.2;
					};
					BE8FA8232CE3D0ED002C091D = {
						CreatedOnToolsVersion = 16.1;
					};
					BE8FA8412CE3D6E8002C091D = {
						CreatedOnToolsVersion = 16.1;
					};
					BE8FA8662CE3D759002C091D = {
						CreatedOnToolsVersion = 16.1;
					};
				};
			};
			buildConfigurationList = BE8FA81F2CE3D0ED002C091D /* Build configuration list for PBXProject "Utah Avalanche" */;
			developmentRegion = en;
			hasScannedForEncodings = 0;
			knownRegions = (
				en,
				Base,
			);
			mainGroup = BE8FA81B2CE3D0ED002C091D;
			minimizedProjectReferenceProxies = 1;
			preferredProjectObjectVersion = 77;
			productRefGroup = BE8FA8252CE3D0ED002C091D /* Products */;
			projectDirPath = "";
			projectRoot = "";
			targets = (
				BE8FA8232CE3D0ED002C091D /* Utah Avalanche */,
				BE8FA8412CE3D6E8002C091D /* AvalancheWidgetExtension */,
				BE8FA8662CE3D759002C091D /* AvalancheShared */,
				BE215AA62D3977CF009FC40B /* AvalancheMacOS */,
			);
		};
/* End PBXProject section */

/* Begin PBXResourcesBuildPhase section */
		BE215AA52D3977CF009FC40B /* Resources */ = {
			isa = PBXResourcesBuildPhase;
			buildActionMask = 2147483647;
			files = (
			);
			runOnlyForDeploymentPostprocessing = 0;
		};
		BE8FA8222CE3D0ED002C091D /* Resources */ = {
			isa = PBXResourcesBuildPhase;
			buildActionMask = 2147483647;
			files = (
			);
			runOnlyForDeploymentPostprocessing = 0;
		};
		BE8FA8402CE3D6E8002C091D /* Resources */ = {
			isa = PBXResourcesBuildPhase;
			buildActionMask = 2147483647;
			files = (
			);
			runOnlyForDeploymentPostprocessing = 0;
		};
		BE8FA8652CE3D759002C091D /* Resources */ = {
			isa = PBXResourcesBuildPhase;
			buildActionMask = 2147483647;
			files = (
			);
			runOnlyForDeploymentPostprocessing = 0;
		};
/* End PBXResourcesBuildPhase section */

/* Begin PBXSourcesBuildPhase section */
		BE215AA32D3977CF009FC40B /* Sources */ = {
			isa = PBXSourcesBuildPhase;
			buildActionMask = 2147483647;
			files = (
			);
			runOnlyForDeploymentPostprocessing = 0;
		};
		BE8FA8202CE3D0ED002C091D /* Sources */ = {
			isa = PBXSourcesBuildPhase;
			buildActionMask = 2147483647;
			files = (
			);
			runOnlyForDeploymentPostprocessing = 0;
		};
		BE8FA83E2CE3D6E8002C091D /* Sources */ = {
			isa = PBXSourcesBuildPhase;
			buildActionMask = 2147483647;
			files = (
			);
			runOnlyForDeploymentPostprocessing = 0;
		};
		BE8FA8632CE3D759002C091D /* Sources */ = {
			isa = PBXSourcesBuildPhase;
			buildActionMask = 2147483647;
			files = (
			);
			runOnlyForDeploymentPostprocessing = 0;
		};
/* End PBXSourcesBuildPhase section */

/* Begin PBXTargetDependency section */
		BE215AD52D397FEE009FC40B /* PBXTargetDependency */ = {
			isa = PBXTargetDependency;
			target = BE8FA8662CE3D759002C091D /* AvalancheShared */;
			targetProxy = BE215AD42D397FEE009FC40B /* PBXContainerItemProxy */;
		};
		BE8FA8572CE3D6EB002C091D /* PBXTargetDependency */ = {
			isa = PBXTargetDependency;
			target = BE8FA8412CE3D6E8002C091D /* AvalancheWidgetExtension */;
			targetProxy = BE8FA8562CE3D6EB002C091D /* PBXContainerItemProxy */;
		};
		BE8FA86E2CE3D759002C091D /* PBXTargetDependency */ = {
			isa = PBXTargetDependency;
			platformFilter = ios;
			target = BE8FA8662CE3D759002C091D /* AvalancheShared */;
			targetProxy = BE8FA86D2CE3D759002C091D /* PBXContainerItemProxy */;
		};
		BE8FA87D2CE3D8C4002C091D /* PBXTargetDependency */ = {
			isa = PBXTargetDependency;
			target = BE8FA8662CE3D759002C091D /* AvalancheShared */;
			targetProxy = BE8FA87C2CE3D8C4002C091D /* PBXContainerItemProxy */;
		};
/* End PBXTargetDependency section */

/* Begin XCBuildConfiguration section */
		BE215ACA2D3977D3009FC40B /* Debug */ = {
			isa = XCBuildConfiguration;
			buildSettings = {
				ASSETCATALOG_COMPILER_APPICON_NAME = AppIcon;
				ASSETCATALOG_COMPILER_GLOBAL_ACCENT_COLOR_NAME = AccentColor;
				CODE_SIGN_ENTITLEMENTS = AvalancheMacOS/AvalancheMacOS.entitlements;
				CODE_SIGN_STYLE = Automatic;
				COMBINE_HIDPI_IMAGES = YES;
				CURRENT_PROJECT_VERSION = 1;
				DEVELOPMENT_ASSET_PATHS = "\"AvalancheMacOS/Preview Content\"";
				ENABLE_PREVIEWS = YES;
				GENERATE_INFOPLIST_FILE = YES;
				INFOPLIST_FILE = AvalancheMacOS/Info.plist;
				INFOPLIST_KEY_NSHumanReadableCopyright = "";
				LD_RUNPATH_SEARCH_PATHS = (
					"$(inherited)",
					"@executable_path/../Frameworks",
				);
				MACOSX_DEPLOYMENT_TARGET = 15.2;
				MARKETING_VERSION = 1.0;
				PRODUCT_BUNDLE_IDENTIFIER = com.pierceboggan.AvalancheMacOS;
				PRODUCT_NAME = "$(TARGET_NAME)";
				SDKROOT = macosx;
				SWIFT_EMIT_LOC_STRINGS = YES;
				SWIFT_VERSION = 5.0;
			};
			name = Debug;
		};
		BE215ACB2D3977D3009FC40B /* Release */ = {
			isa = XCBuildConfiguration;
			buildSettings = {
				ASSETCATALOG_COMPILER_APPICON_NAME = AppIcon;
				ASSETCATALOG_COMPILER_GLOBAL_ACCENT_COLOR_NAME = AccentColor;
				CODE_SIGN_ENTITLEMENTS = AvalancheMacOS/AvalancheMacOS.entitlements;
				CODE_SIGN_STYLE = Automatic;
				COMBINE_HIDPI_IMAGES = YES;
				CURRENT_PROJECT_VERSION = 1;
				DEVELOPMENT_ASSET_PATHS = "\"AvalancheMacOS/Preview Content\"";
				ENABLE_PREVIEWS = YES;
				GENERATE_INFOPLIST_FILE = YES;
				INFOPLIST_FILE = AvalancheMacOS/Info.plist;
				INFOPLIST_KEY_NSHumanReadableCopyright = "";
				LD_RUNPATH_SEARCH_PATHS = (
					"$(inherited)",
					"@executable_path/../Frameworks",
				);
				MACOSX_DEPLOYMENT_TARGET = 15.2;
				MARKETING_VERSION = 1.0;
				PRODUCT_BUNDLE_IDENTIFIER = com.pierceboggan.AvalancheMacOS;
				PRODUCT_NAME = "$(TARGET_NAME)";
				SDKROOT = macosx;
				SWIFT_EMIT_LOC_STRINGS = YES;
				SWIFT_VERSION = 5.0;
			};
			name = Release;
		};
		BE8FA8302CE3D0EF002C091D /* Debug */ = {
			isa = XCBuildConfiguration;
			buildSettings = {
				ALWAYS_SEARCH_USER_PATHS = NO;
				ASSETCATALOG_COMPILER_GENERATE_SWIFT_ASSET_SYMBOL_EXTENSIONS = YES;
				CLANG_ANALYZER_NONNULL = YES;
				CLANG_ANALYZER_NUMBER_OBJECT_CONVERSION = YES_AGGRESSIVE;
				CLANG_CXX_LANGUAGE_STANDARD = "gnu++20";
				CLANG_ENABLE_MODULES = YES;
				CLANG_ENABLE_OBJC_ARC = YES;
				CLANG_ENABLE_OBJC_WEAK = YES;
				CLANG_WARN_BLOCK_CAPTURE_AUTORELEASING = YES;
				CLANG_WARN_BOOL_CONVERSION = YES;
				CLANG_WARN_COMMA = YES;
				CLANG_WARN_CONSTANT_CONVERSION = YES;
				CLANG_WARN_DEPRECATED_OBJC_IMPLEMENTATIONS = YES;
				CLANG_WARN_DIRECT_OBJC_ISA_USAGE = YES_ERROR;
				CLANG_WARN_DOCUMENTATION_COMMENTS = YES;
				CLANG_WARN_EMPTY_BODY = YES;
				CLANG_WARN_ENUM_CONVERSION = YES;
				CLANG_WARN_INFINITE_RECURSION = YES;
				CLANG_WARN_INT_CONVERSION = YES;
				CLANG_WARN_NON_LITERAL_NULL_CONVERSION = YES;
				CLANG_WARN_OBJC_IMPLICIT_RETAIN_SELF = YES;
				CLANG_WARN_OBJC_LITERAL_CONVERSION = YES;
				CLANG_WARN_OBJC_ROOT_CLASS = YES_ERROR;
				CLANG_WARN_QUOTED_INCLUDE_IN_FRAMEWORK_HEADER = YES;
				CLANG_WARN_RANGE_LOOP_ANALYSIS = YES;
				CLANG_WARN_STRICT_PROTOTYPES = YES;
				CLANG_WARN_SUSPICIOUS_MOVE = YES;
				CLANG_WARN_UNGUARDED_AVAILABILITY = YES_AGGRESSIVE;
				CLANG_WARN_UNREACHABLE_CODE = YES;
				CLANG_WARN__DUPLICATE_METHOD_MATCH = YES;
				COPY_PHASE_STRIP = NO;
				DEBUG_INFORMATION_FORMAT = dwarf;
				ENABLE_STRICT_OBJC_MSGSEND = YES;
				ENABLE_TESTABILITY = YES;
				ENABLE_USER_SCRIPT_SANDBOXING = YES;
				GCC_C_LANGUAGE_STANDARD = gnu17;
				GCC_DYNAMIC_NO_PIC = NO;
				GCC_NO_COMMON_BLOCKS = YES;
				GCC_OPTIMIZATION_LEVEL = 0;
				GCC_PREPROCESSOR_DEFINITIONS = (
					"DEBUG=1",
					"$(inherited)",
				);
				GCC_WARN_64_TO_32_BIT_CONVERSION = YES;
				GCC_WARN_ABOUT_RETURN_TYPE = YES_ERROR;
				GCC_WARN_UNDECLARED_SELECTOR = YES;
				GCC_WARN_UNINITIALIZED_AUTOS = YES_AGGRESSIVE;
				GCC_WARN_UNUSED_FUNCTION = YES;
				GCC_WARN_UNUSED_VARIABLE = YES;
				IPHONEOS_DEPLOYMENT_TARGET = 18.1;
				LOCALIZATION_PREFERS_STRING_CATALOGS = YES;
				MTL_ENABLE_DEBUG_INFO = INCLUDE_SOURCE;
				MTL_FAST_MATH = YES;
				ONLY_ACTIVE_ARCH = YES;
				SDKROOT = iphoneos;
				SWIFT_ACTIVE_COMPILATION_CONDITIONS = "DEBUG $(inherited)";
				SWIFT_OPTIMIZATION_LEVEL = "-Onone";
			};
			name = Debug;
		};
		BE8FA8312CE3D0EF002C091D /* Release */ = {
			isa = XCBuildConfiguration;
			buildSettings = {
				ALWAYS_SEARCH_USER_PATHS = NO;
				ASSETCATALOG_COMPILER_GENERATE_SWIFT_ASSET_SYMBOL_EXTENSIONS = YES;
				CLANG_ANALYZER_NONNULL = YES;
				CLANG_ANALYZER_NUMBER_OBJECT_CONVERSION = YES_AGGRESSIVE;
				CLANG_CXX_LANGUAGE_STANDARD = "gnu++20";
				CLANG_ENABLE_MODULES = YES;
				CLANG_ENABLE_OBJC_ARC = YES;
				CLANG_ENABLE_OBJC_WEAK = YES;
				CLANG_WARN_BLOCK_CAPTURE_AUTORELEASING = YES;
				CLANG_WARN_BOOL_CONVERSION = YES;
				CLANG_WARN_COMMA = YES;
				CLANG_WARN_CONSTANT_CONVERSION = YES;
				CLANG_WARN_DEPRECATED_OBJC_IMPLEMENTATIONS = YES;
				CLANG_WARN_DIRECT_OBJC_ISA_USAGE = YES_ERROR;
				CLANG_WARN_DOCUMENTATION_COMMENTS = YES;
				CLANG_WARN_EMPTY_BODY = YES;
				CLANG_WARN_ENUM_CONVERSION = YES;
				CLANG_WARN_INFINITE_RECURSION = YES;
				CLANG_WARN_INT_CONVERSION = YES;
				CLANG_WARN_NON_LITERAL_NULL_CONVERSION = YES;
				CLANG_WARN_OBJC_IMPLICIT_RETAIN_SELF = YES;
				CLANG_WARN_OBJC_LITERAL_CONVERSION = YES;
				CLANG_WARN_OBJC_ROOT_CLASS = YES_ERROR;
				CLANG_WARN_QUOTED_INCLUDE_IN_FRAMEWORK_HEADER = YES;
				CLANG_WARN_RANGE_LOOP_ANALYSIS = YES;
				CLANG_WARN_STRICT_PROTOTYPES = YES;
				CLANG_WARN_SUSPICIOUS_MOVE = YES;
				CLANG_WARN_UNGUARDED_AVAILABILITY = YES_AGGRESSIVE;
				CLANG_WARN_UNREACHABLE_CODE = YES;
				CLANG_WARN__DUPLICATE_METHOD_MATCH = YES;
				COPY_PHASE_STRIP = NO;
				DEBUG_INFORMATION_FORMAT = "dwarf-with-dsym";
				ENABLE_NS_ASSERTIONS = NO;
				ENABLE_STRICT_OBJC_MSGSEND = YES;
				ENABLE_USER_SCRIPT_SANDBOXING = YES;
				GCC_C_LANGUAGE_STANDARD = gnu17;
				GCC_NO_COMMON_BLOCKS = YES;
				GCC_WARN_64_TO_32_BIT_CONVERSION = YES;
				GCC_WARN_ABOUT_RETURN_TYPE = YES_ERROR;
				GCC_WARN_UNDECLARED_SELECTOR = YES;
				GCC_WARN_UNINITIALIZED_AUTOS = YES_AGGRESSIVE;
				GCC_WARN_UNUSED_FUNCTION = YES;
				GCC_WARN_UNUSED_VARIABLE = YES;
				IPHONEOS_DEPLOYMENT_TARGET = 18.1;
				LOCALIZATION_PREFERS_STRING_CATALOGS = YES;
				MTL_ENABLE_DEBUG_INFO = NO;
				MTL_FAST_MATH = YES;
				SDKROOT = iphoneos;
				SWIFT_COMPILATION_MODE = wholemodule;
				VALIDATE_PRODUCT = YES;
			};
			name = Release;
		};
		BE8FA8332CE3D0EF002C091D /* Debug */ = {
			isa = XCBuildConfiguration;
			buildSettings = {
				ASSETCATALOG_COMPILER_APPICON_NAME = AppIcon;
				ASSETCATALOG_COMPILER_GLOBAL_ACCENT_COLOR_NAME = AccentColor;
				CODE_SIGN_STYLE = Automatic;
				CURRENT_PROJECT_VERSION = 1;
				DEVELOPMENT_ASSET_PATHS = "\"Utah Avalanche/Preview Content\"";
				ENABLE_PREVIEWS = YES;
				GENERATE_INFOPLIST_FILE = YES;
				INFOPLIST_FILE = "Utah-Avalanche-Info.plist";
				INFOPLIST_KEY_UIApplicationSceneManifest_Generation = YES;
				INFOPLIST_KEY_UIApplicationSupportsIndirectInputEvents = YES;
				INFOPLIST_KEY_UILaunchScreen_Generation = YES;
				INFOPLIST_KEY_UISupportedInterfaceOrientations_iPad = "UIInterfaceOrientationPortrait UIInterfaceOrientationPortraitUpsideDown UIInterfaceOrientationLandscapeLeft UIInterfaceOrientationLandscapeRight";
				INFOPLIST_KEY_UISupportedInterfaceOrientations_iPhone = "UIInterfaceOrientationPortrait UIInterfaceOrientationLandscapeLeft UIInterfaceOrientationLandscapeRight";
				LD_RUNPATH_SEARCH_PATHS = (
					"$(inherited)",
					"@executable_path/Frameworks",
				);
				MARKETING_VERSION = 1.0;
				PRODUCT_BUNDLE_IDENTIFIER = "com.pierceboggan.Utah-Avalanche";
				PRODUCT_NAME = "$(TARGET_NAME)";
				REGISTER_APP_GROUPS = NO;
				SUPPORTED_PLATFORMS = "iphoneos iphonesimulator";
				SUPPORTS_MACCATALYST = NO;
				SUPPORTS_MAC_DESIGNED_FOR_IPHONE_IPAD = NO;
				SWIFT_EMIT_LOC_STRINGS = YES;
				SWIFT_VERSION = 5.0;
				TARGETED_DEVICE_FAMILY = "1,2";
			};
			name = Debug;
		};
		BE8FA8342CE3D0EF002C091D /* Release */ = {
			isa = XCBuildConfiguration;
			buildSettings = {
				ASSETCATALOG_COMPILER_APPICON_NAME = AppIcon;
				ASSETCATALOG_COMPILER_GLOBAL_ACCENT_COLOR_NAME = AccentColor;
				CODE_SIGN_STYLE = Automatic;
				CURRENT_PROJECT_VERSION = 1;
				DEVELOPMENT_ASSET_PATHS = "\"Utah Avalanche/Preview Content\"";
				ENABLE_PREVIEWS = YES;
				GENERATE_INFOPLIST_FILE = YES;
				INFOPLIST_FILE = "Utah-Avalanche-Info.plist";
				INFOPLIST_KEY_UIApplicationSceneManifest_Generation = YES;
				INFOPLIST_KEY_UIApplicationSupportsIndirectInputEvents = YES;
				INFOPLIST_KEY_UILaunchScreen_Generation = YES;
				INFOPLIST_KEY_UISupportedInterfaceOrientations_iPad = "UIInterfaceOrientationPortrait UIInterfaceOrientationPortraitUpsideDown UIInterfaceOrientationLandscapeLeft UIInterfaceOrientationLandscapeRight";
				INFOPLIST_KEY_UISupportedInterfaceOrientations_iPhone = "UIInterfaceOrientationPortrait UIInterfaceOrientationLandscapeLeft UIInterfaceOrientationLandscapeRight";
				LD_RUNPATH_SEARCH_PATHS = (
					"$(inherited)",
					"@executable_path/Frameworks",
				);
				MARKETING_VERSION = 1.0;
				PRODUCT_BUNDLE_IDENTIFIER = "com.pierceboggan.Utah-Avalanche";
				PRODUCT_NAME = "$(TARGET_NAME)";
				REGISTER_APP_GROUPS = NO;
				SUPPORTED_PLATFORMS = "iphoneos iphonesimulator";
				SUPPORTS_MACCATALYST = NO;
				SUPPORTS_MAC_DESIGNED_FOR_IPHONE_IPAD = NO;
				SWIFT_EMIT_LOC_STRINGS = YES;
				SWIFT_VERSION = 5.0;
				TARGETED_DEVICE_FAMILY = "1,2";
			};
			name = Release;
		};
		BE8FA85A2CE3D6EB002C091D /* Debug */ = {
			isa = XCBuildConfiguration;
			buildSettings = {
				ASSETCATALOG_COMPILER_GLOBAL_ACCENT_COLOR_NAME = AccentColor;
				ASSETCATALOG_COMPILER_WIDGET_BACKGROUND_COLOR_NAME = WidgetBackground;
				CODE_SIGN_ENTITLEMENTS = AvalancheWidgetExtension.entitlements;
				CODE_SIGN_STYLE = Automatic;
				CURRENT_PROJECT_VERSION = 1;
				DEVELOPMENT_TEAM = H24XX45L33;
				GENERATE_INFOPLIST_FILE = YES;
				INFOPLIST_FILE = AvalancheWidget/Info.plist;
				INFOPLIST_KEY_CFBundleDisplayName = AvalancheWidget;
				INFOPLIST_KEY_NSHumanReadableCopyright = "";
				LD_RUNPATH_SEARCH_PATHS = (
					"$(inherited)",
					"@executable_path/Frameworks",
					"@executable_path/../../Frameworks",
				);
				MARKETING_VERSION = 1.0;
				PRODUCT_BUNDLE_IDENTIFIER = "com.pierceboggan.Utah-Avalanche.AvalancheWidget";
				PRODUCT_NAME = "$(TARGET_NAME)";
				SKIP_INSTALL = YES;
				SWIFT_EMIT_LOC_STRINGS = YES;
				SWIFT_VERSION = 5.0;
				TARGETED_DEVICE_FAMILY = "1,2";
			};
			name = Debug;
		};
		BE8FA85B2CE3D6EB002C091D /* Release */ = {
			isa = XCBuildConfiguration;
			buildSettings = {
				ASSETCATALOG_COMPILER_GLOBAL_ACCENT_COLOR_NAME = AccentColor;
				ASSETCATALOG_COMPILER_WIDGET_BACKGROUND_COLOR_NAME = WidgetBackground;
				CODE_SIGN_ENTITLEMENTS = AvalancheWidgetExtension.entitlements;
				CODE_SIGN_STYLE = Automatic;
				CURRENT_PROJECT_VERSION = 1;
				DEVELOPMENT_TEAM = H24XX45L33;
				GENERATE_INFOPLIST_FILE = YES;
				INFOPLIST_FILE = AvalancheWidget/Info.plist;
				INFOPLIST_KEY_CFBundleDisplayName = AvalancheWidget;
				INFOPLIST_KEY_NSHumanReadableCopyright = "";
				LD_RUNPATH_SEARCH_PATHS = (
					"$(inherited)",
					"@executable_path/Frameworks",
					"@executable_path/../../Frameworks",
				);
				MARKETING_VERSION = 1.0;
				PRODUCT_BUNDLE_IDENTIFIER = "com.pierceboggan.Utah-Avalanche.AvalancheWidget";
				PRODUCT_NAME = "$(TARGET_NAME)";
				SKIP_INSTALL = YES;
				SWIFT_EMIT_LOC_STRINGS = YES;
				SWIFT_VERSION = 5.0;
				TARGETED_DEVICE_FAMILY = "1,2";
			};
			name = Release;
		};
		BE8FA8732CE3D759002C091D /* Debug */ = {
			isa = XCBuildConfiguration;
			buildSettings = {
				BUILD_LIBRARY_FOR_DISTRIBUTION = YES;
				CODE_SIGN_STYLE = Automatic;
				CURRENT_PROJECT_VERSION = 1;
				DEFINES_MODULE = YES;
				DYLIB_COMPATIBILITY_VERSION = 1;
				DYLIB_CURRENT_VERSION = 1;
				DYLIB_INSTALL_NAME_BASE = "@rpath";
				ENABLE_MODULE_VERIFIER = YES;
				GENERATE_INFOPLIST_FILE = YES;
				INFOPLIST_KEY_NSHumanReadableCopyright = "";
				INSTALL_PATH = "$(LOCAL_LIBRARY_DIR)/Frameworks";
				LD_RUNPATH_SEARCH_PATHS = (
					"$(inherited)",
					"@executable_path/Frameworks",
					"@loader_path/Frameworks",
				);
				MARKETING_VERSION = 1.0;
				MODULE_VERIFIER_SUPPORTED_LANGUAGES = "objective-c objective-c++";
				MODULE_VERIFIER_SUPPORTED_LANGUAGE_STANDARDS = "gnu17 gnu++20";
				PRODUCT_BUNDLE_IDENTIFIER = "com.pierceboggan.Utah-Avalanche.AvalancheShared";
				PRODUCT_NAME = "$(TARGET_NAME:c99extidentifier)";
				REGISTER_APP_GROUPS = NO;
				SKIP_INSTALL = YES;
				SUPPORTED_PLATFORMS = "iphoneos iphonesimulator macosx";
				SUPPORTS_MACCATALYST = YES;
				SWIFT_EMIT_LOC_STRINGS = YES;
				SWIFT_INSTALL_OBJC_HEADER = NO;
				SWIFT_VERSION = 5.0;
				TARGETED_DEVICE_FAMILY = "1,2";
				VERSIONING_SYSTEM = "apple-generic";
				VERSION_INFO_PREFIX = "";
			};
			name = Debug;
		};
		BE8FA8742CE3D759002C091D /* Release */ = {
			isa = XCBuildConfiguration;
			buildSettings = {
				BUILD_LIBRARY_FOR_DISTRIBUTION = YES;
				CODE_SIGN_STYLE = Automatic;
				CURRENT_PROJECT_VERSION = 1;
				DEFINES_MODULE = YES;
				DYLIB_COMPATIBILITY_VERSION = 1;
				DYLIB_CURRENT_VERSION = 1;
				DYLIB_INSTALL_NAME_BASE = "@rpath";
				ENABLE_MODULE_VERIFIER = YES;
				GENERATE_INFOPLIST_FILE = YES;
				INFOPLIST_KEY_NSHumanReadableCopyright = "";
				INSTALL_PATH = "$(LOCAL_LIBRARY_DIR)/Frameworks";
				LD_RUNPATH_SEARCH_PATHS = (
					"$(inherited)",
					"@executable_path/Frameworks",
					"@loader_path/Frameworks",
				);
				MARKETING_VERSION = 1.0;
				MODULE_VERIFIER_SUPPORTED_LANGUAGES = "objective-c objective-c++";
				MODULE_VERIFIER_SUPPORTED_LANGUAGE_STANDARDS = "gnu17 gnu++20";
				PRODUCT_BUNDLE_IDENTIFIER = "com.pierceboggan.Utah-Avalanche.AvalancheShared";
				PRODUCT_NAME = "$(TARGET_NAME:c99extidentifier)";
				REGISTER_APP_GROUPS = NO;
				SKIP_INSTALL = YES;
				SUPPORTED_PLATFORMS = "iphoneos iphonesimulator macosx";
				SUPPORTS_MACCATALYST = YES;
				SWIFT_EMIT_LOC_STRINGS = YES;
				SWIFT_INSTALL_OBJC_HEADER = NO;
				SWIFT_VERSION = 5.0;
				TARGETED_DEVICE_FAMILY = "1,2";
				VERSIONING_SYSTEM = "apple-generic";
				VERSION_INFO_PREFIX = "";
			};
			name = Release;
		};
/* End XCBuildConfiguration section */

/* Begin XCConfigurationList section */
		BE215AC92D3977D3009FC40B /* Build configuration list for PBXNativeTarget "AvalancheMacOS" */ = {
			isa = XCConfigurationList;
			buildConfigurations = (
				BE215ACA2D3977D3009FC40B /* Debug */,
				BE215ACB2D3977D3009FC40B /* Release */,
			);
			defaultConfigurationIsVisible = 0;
			defaultConfigurationName = Release;
		};
		BE8FA81F2CE3D0ED002C091D /* Build configuration list for PBXProject "Utah Avalanche" */ = {
			isa = XCConfigurationList;
			buildConfigurations = (
				BE8FA8302CE3D0EF002C091D /* Debug */,
				BE8FA8312CE3D0EF002C091D /* Release */,
			);
			defaultConfigurationIsVisible = 0;
			defaultConfigurationName = Release;
		};
		BE8FA8322CE3D0EF002C091D /* Build configuration list for PBXNativeTarget "Utah Avalanche" */ = {
			isa = XCConfigurationList;
			buildConfigurations = (
				BE8FA8332CE3D0EF002C091D /* Debug */,
				BE8FA8342CE3D0EF002C091D /* Release */,
			);
			defaultConfigurationIsVisible = 0;
			defaultConfigurationName = Release;
		};
		BE8FA85D2CE3D6EB002C091D /* Build configuration list for PBXNativeTarget "AvalancheWidgetExtension" */ = {
			isa = XCConfigurationList;
			buildConfigurations = (
				BE8FA85A2CE3D6EB002C091D /* Debug */,
				BE8FA85B2CE3D6EB002C091D /* Release */,
			);
			defaultConfigurationIsVisible = 0;
			defaultConfigurationName = Release;
		};
		BE8FA8722CE3D759002C091D /* Build configuration list for PBXNativeTarget "AvalancheShared" */ = {
			isa = XCConfigurationList;
			buildConfigurations = (
				BE8FA8732CE3D759002C091D /* Debug */,
				BE8FA8742CE3D759002C091D /* Release */,
			);
			defaultConfigurationIsVisible = 0;
			defaultConfigurationName = Release;
		};
/* End XCConfigurationList section */
	};
	rootObject = BE8FA81C2CE3D0ED002C091D /* Project object */;
}
